
Microsoft Visual Studio Solution File, Format Version 12.00
# Visual Studio Version 17
VisualStudioVersion = 17.0.32112.339
MinimumVisualStudioVersion = 10.0.40219.1
Project("{8BC9CEB8-8B4A-11D0-8D11-00A0C91BC942}") = "NodeTree-Test2", "NodeTree-Test2.vcxproj", "{7F8E8DF9-083D-46AC-AE12-118886349BEE}"
EndProject
Global
	GlobalSection(SolutionConfigurationPlatforms) = preSolution
		Debug|x64 = Debug|x64
		Debug|x86 = Debug|x86
		Release|x64 = Release|x64
		Release|x86 = Release|x86
	EndGlobalSection
	GlobalSection(ProjectConfigurationPlatforms) = postSolution
		{7F8E8DF9-083D-46AC-AE12-118886349BEE}.Debug|x64.ActiveCfg = Debug|x64
		{7F8E8DF9-083D-46AC-AE12-118886349BEE}.Debug|x64.Build.0 = Debug|x64
		{7F8E8DF9-083D-46AC-AE12-118886349BEE}.Debug|x86.ActiveCfg = Debug|Win32
		{7F8E8DF9-083D-46AC-AE12-118886349BEE}.Debug|x86.Build.0 = Debug|Win32
		{7F8E8DF9-083D-46AC-AE12-118886349BEE}.Release|x64.ActiveCfg = Release|x64
		{7F8E8DF9-083D-46AC-AE12-118886349BEE}.Release|x64.Build.0 = Release|x64
		{7F8E8DF9-083D-46AC-AE12-118886349BEE}.Release|x86.ActiveCfg = Release|Win32
		{7F8E8DF9-083D-46AC-AE12-118886349BEE}.Release|x86.Build.0 = Release|Win32
	EndGlobalSection
	GlobalSection(SolutionProperties) = preSolution
		HideSolutionNode = FALSE
	EndGlobalSection
	GlobalSection(ExtensibilityGlobals) = postSolution
		SolutionGuid = {3BC93B11-186D-4732-86D0-9E0A2B2BF0A0}
	EndGlobalSection
EndGlobal
